<?xml version="1.0" encoding="utf-8"?>
<Project ToolsVersion="4.0" xmlns="http://schemas.microsoft.com/developer/msbuild/2003">
  <ItemGroup>
    <Filter Include="Source Files">
      <UniqueIdentifier>{4FC737F1-C7A5-4376-A066-2A32D752A2FF}</UniqueIdentifier>
      <Extensions>cpp;c;cc;cxx;def;odl;idl;hpj;bat;asm;asmx</Extensions>
    </Filter>
    <Filter Include="Header Files">
      <UniqueIdentifier>{93995380-89BD-4b04-88EB-625FBE52EBFB}</UniqueIdentifier>
      <Extensions>h;hpp;hxx;hm;inl;inc;xsd</Extensions>
    </Filter>
    <Filter Include="Resource Files">
      <UniqueIdentifier>{67DA6AB6-F800-4c08-8B7A-83BB121AAD01}</UniqueIdentifier>
      <Extensions>rc;ico;cur;bmp;dlg;rc2;rct;bin;rgs;gif;jpg;jpeg;jpe;resx;tiff;tif;png;wav;mfcribbon-ms</Extensions>
    </Filter>
  </ItemGroup>
  <ItemGroup>
    <ClCompile Include="TestQuery.cpp">
      <Filter>Source Files</Filter>
    </ClCompile>
    <ClCompile Include="TestQueryMain.cpp">
      <Filter>Source Files</Filter>
    </ClCompile>
    <ClCompile Include="TestPKB.cpp">
      <Filter>Source Files</Filter>
    </ClCompile>
    <ClCompile Include="TestPKBMain.cpp">
      <Filter>Source Files</Filter>
    </ClCompile>
    <ClCompile Include="UnitTest.cpp">
      <Filter>Source Files</Filter>
    </ClCompile>
    <ClCompile Include="TestParser.cpp">
      <Filter>Source Files</Filter>
    </ClCompile>
    <ClCompile Include="TestParserMain.cpp">
      <Filter>Source Files</Filter>
    </ClCompile>
    <ClCompile Include="TestAST.cpp">
      <Filter>Source Files</Filter>
    </ClCompile>
    <ClCompile Include="TestASTMain.cpp">
      <Filter>Source Files</Filter>
    </ClCompile>
    <ClCompile Include="TestDeclarationMain.cpp">
      <Filter>Source Files</Filter>
    </ClCompile>
    <ClCompile Include="TestDeclaration.cpp">
      <Filter>Source Files</Filter>
    </ClCompile>
    <ClCompile Include="TestCallsTable.cpp">
      <Filter>Source Files</Filter>
    </ClCompile>
    <ClCompile Include="TestCallsTableMain.cpp">
      <Filter>Source Files</Filter>
    </ClCompile>
    <ClCompile Include="TestFollowsTableMain.cpp">
      <Filter>Source Files</Filter>
    </ClCompile>
    <ClCompile Include="TestFollowsTable.cpp">
      <Filter>Source Files</Filter>
    </ClCompile>
  </ItemGroup>
  <ItemGroup>
    <ClInclude Include="TestQuery.h">
      <Filter>Header Files</Filter>
    </ClInclude>
    <ClInclude Include="TestPKB.h">
      <Filter>Header Files</Filter>
    </ClInclude>
    <ClInclude Include="stdafx.h">
      <Filter>Header Files</Filter>
    </ClInclude>
    <ClInclude Include="TestParser.h">
      <Filter>Header Files</Filter>
    </ClInclude>
    <ClInclude Include="TestAST.h">
      <Filter>Header Files</Filter>
    </ClInclude>
    <ClInclude Include="TestDeclaration.h">
      <Filter>Header Files</Filter>
    </ClInclude>
    <ClInclude Include="TestCallsTable.h">
      <Filter>Header Files</Filter>
    </ClInclude>
    <ClInclude Include="TestFollowsTable.h">
      <Filter>Header Files</Filter>
    </ClInclude>
  </ItemGroup>
</Project>